<Solution>
  <Folder Name="/src/">
    <Project Path="src/Otto.App/Otto.App.csproj" />
    <Project Path="src/Otto.Core/Otto.Core.csproj" />
    <Project Path="src/Otto.Platform.Windows/Otto.Platform.Windows.csproj" />
    <Project Path="src/Otto.Speech/Otto.Speech.csproj" />
  </Folder>
  <Folder Name="/tests/">
    <Project Path="tests/Otto.Core.Tests/Otto.Core.Tests.csproj" />
  </Folder>
  <Folder Name="/tools/">
    <Project Path="tools/Otto.Bench/Otto.Bench.csproj" />
  </Folder>
</Solution>
